
Microsoft Visual Studio Solution File, Format Version 12.00
# Visual Studio Version 16
VisualStudioVersion = 16.0.30717.126
MinimumVisualStudioVersion = 10.0.40219.1
Project("{9A19103F-16F7-4668-BE54-9A1E7A4F7556}") = "MobileApi", "MobileApi\MobileApi.csproj", "{BF932DCC-96F8-449B-AFB9-04A97F881C07}"
EndProject
Global
	GlobalSection(SolutionConfigurationPlatforms) = preSolution
		Debug|Any CPU = Debug|Any CPU
		Release|Any CPU = Release|Any CPU
	EndGlobalSection
	GlobalSection(ProjectConfigurationPlatforms) = postSolution
		{BF932DCC-96F8-449B-AFB9-04A97F881C07}.Debug|Any CPU.ActiveCfg = Debug|Any CPU
		{BF932DCC-96F8-449B-AFB9-04A97F881C07}.Debug|Any CPU.Build.0 = Debug|Any CPU
		{BF932DCC-96F8-449B-AFB9-04A97F881C07}.Release|Any CPU.ActiveCfg = Release|Any CPU
		{BF932DCC-96F8-449B-AFB9-04A97F881C07}.Release|Any CPU.Build.0 = Release|Any CPU
	EndGlobalSection
	GlobalSection(SolutionProperties) = preSolution
		HideSolutionNode = FALSE
	EndGlobalSection
	GlobalSection(ExtensibilityGlobals) = postSolution
		SolutionGuid = {98626527-7C6C-4359-8971-F2F819396A6D}
	EndGlobalSection
EndGlobal
